
Microsoft Visual Studio Solution File, Format Version 12.00
# Visual Studio 15
VisualStudioVersion = 15.0.28010.2016
MinimumVisualStudioVersion = 10.0.40219.1
Project("{FAE04EC0-301F-11D3-BF4B-00C04F79EFBC}") = "CommodityExchangeLibrary", "CommodityExchangeLibrary\CommodityExchangeLibrary.csproj", "{183487F7-1FFB-4719-AF2A-D2D461BEFBCC}"
EndProject
Project("{FAE04EC0-301F-11D3-BF4B-00C04F79EFBC}") = "ExchangeApp", "ExchangeApp\ExchangeApp.csproj", "{EA955FDF-6405-41F1-85CC-C5A0A15BCEED}"
EndProject
Global
	GlobalSection(SolutionConfigurationPlatforms) = preSolution
		Debug|Any CPU = Debug|Any CPU
		Release|Any CPU = Release|Any CPU
	EndGlobalSection
	GlobalSection(ProjectConfigurationPlatforms) = postSolution
		{183487F7-1FFB-4719-AF2A-D2D461BEFBCC}.Debug|Any CPU.ActiveCfg = Debug|Any CPU
		{183487F7-1FFB-4719-AF2A-D2D461BEFBCC}.Debug|Any CPU.Build.0 = Debug|Any CPU
		{183487F7-1FFB-4719-AF2A-D2D461BEFBCC}.Release|Any CPU.ActiveCfg = Release|Any CPU
		{183487F7-1FFB-4719-AF2A-D2D461BEFBCC}.Release|Any CPU.Build.0 = Release|Any CPU
		{EA955FDF-6405-41F1-85CC-C5A0A15BCEED}.Debug|Any CPU.ActiveCfg = Debug|Any CPU
		{EA955FDF-6405-41F1-85CC-C5A0A15BCEED}.Debug|Any CPU.Build.0 = Debug|Any CPU
		{EA955FDF-6405-41F1-85CC-C5A0A15BCEED}.Release|Any CPU.ActiveCfg = Release|Any CPU
		{EA955FDF-6405-41F1-85CC-C5A0A15BCEED}.Release|Any CPU.Build.0 = Release|Any CPU
	EndGlobalSection
	GlobalSection(SolutionProperties) = preSolution
		HideSolutionNode = FALSE
	EndGlobalSection
	GlobalSection(ExtensibilityGlobals) = postSolution
		SolutionGuid = {DEA35964-E232-457A-B929-BDC056584408}
	EndGlobalSection
EndGlobal
